
Microsoft Visual Studio Solution File, Format Version 12.00
# Visual Studio Version 16
VisualStudioVersion = 16.0.29215.179
MinimumVisualStudioVersion = 10.0.40219.1
Project("{FAE04EC0-301F-11D3-BF4B-00C04F79EFBC}") = "RWService", "HSPDService\RWService.csproj", "{9C72B3D5-03C2-4A00-B74A-5D2DD93B085E}"
EndProject
Project("{FAE04EC0-301F-11D3-BF4B-00C04F79EFBC}") = "RWServiceControler", "RWServiceControler\RWServiceControler.csproj", "{1ABC745A-8856-4886-8C7E-0F5708F3F7D9}"
EndProject
Global
	GlobalSection(SolutionConfigurationPlatforms) = preSolution
		Debug|Any CPU = Debug|Any CPU
		Release|Any CPU = Release|Any CPU
	EndGlobalSection
	GlobalSection(ProjectConfigurationPlatforms) = postSolution
		{9C72B3D5-03C2-4A00-B74A-5D2DD93B085E}.Debug|Any CPU.ActiveCfg = Debug|Any CPU
		{9C72B3D5-03C2-4A00-B74A-5D2DD93B085E}.Debug|Any CPU.Build.0 = Debug|Any CPU
		{9C72B3D5-03C2-4A00-B74A-5D2DD93B085E}.Release|Any CPU.ActiveCfg = Release|Any CPU
		{9C72B3D5-03C2-4A00-B74A-5D2DD93B085E}.Release|Any CPU.Build.0 = Release|Any CPU
		{1ABC745A-8856-4886-8C7E-0F5708F3F7D9}.Debug|Any CPU.ActiveCfg = Debug|Any CPU
		{1ABC745A-8856-4886-8C7E-0F5708F3F7D9}.Debug|Any CPU.Build.0 = Debug|Any CPU
		{1ABC745A-8856-4886-8C7E-0F5708F3F7D9}.Release|Any CPU.ActiveCfg = Release|Any CPU
		{1ABC745A-8856-4886-8C7E-0F5708F3F7D9}.Release|Any CPU.Build.0 = Release|Any CPU
	EndGlobalSection
	GlobalSection(SolutionProperties) = preSolution
		HideSolutionNode = FALSE
	EndGlobalSection
	GlobalSection(ExtensibilityGlobals) = postSolution
		SolutionGuid = {0E40B613-0077-4BC4-90A9-540A5697F141}
	EndGlobalSection
EndGlobal
